
Microsoft Visual Studio Solution File, Format Version 12.00
# Visual Studio Version 17
VisualStudioVersion = 17.7.34003.232
MinimumVisualStudioVersion = 10.0.40219.1
Project("{FAE04EC0-301F-11D3-BF4B-00C04F79EFBC}") = "Gendaccc", "Gendaccc.csproj", "{28E9DC51-6386-403A-86E8-D33590664239}"
EndProject
Global
	GlobalSection(SolutionConfigurationPlatforms) = preSolution
		Debug|Any CPU = Debug|Any CPU
		Release|Any CPU = Release|Any CPU
	EndGlobalSection
	GlobalSection(ProjectConfigurationPlatforms) = postSolution
		{28E9DC51-6386-403A-86E8-D33590664239}.Debug|Any CPU.ActiveCfg = Debug|Any CPU
		{28E9DC51-6386-403A-86E8-D33590664239}.Debug|Any CPU.Build.0 = Debug|Any CPU
		{28E9DC51-6386-403A-86E8-D33590664239}.Release|Any CPU.ActiveCfg = Release|Any CPU
		{28E9DC51-6386-403A-86E8-D33590664239}.Release|Any CPU.Build.0 = Release|Any CPU
	EndGlobalSection
	GlobalSection(SolutionProperties) = preSolution
		HideSolutionNode = FALSE
	EndGlobalSection
	GlobalSection(ExtensibilityGlobals) = postSolution
		SolutionGuid = {3A63D3D6-A2FE-4148-B007-DBC479432F2E}
	EndGlobalSection
EndGlobal
